
Microsoft Visual Studio Solution File, Format Version 12.00
# Visual Studio Version 17
VisualStudioVersion = 17.3.32901.215
MinimumVisualStudioVersion = 10.0.40219.1
Project("{FAE04EC0-301F-11D3-BF4B-00C04F79EFBC}") = "AzurWebAPIConsumeWebApp", "AzurWebAPIConsumeWebApp\AzurWebAPIConsumeWebApp.csproj", "{CAD2E5F6-72F1-43CB-887F-788F8AC17302}"
EndProject
Global
	GlobalSection(SolutionConfigurationPlatforms) = preSolution
		Debug|Any CPU = Debug|Any CPU
		Release|Any CPU = Release|Any CPU
	EndGlobalSection
	GlobalSection(ProjectConfigurationPlatforms) = postSolution
		{CAD2E5F6-72F1-43CB-887F-788F8AC17302}.Debug|Any CPU.ActiveCfg = Debug|Any CPU
		{CAD2E5F6-72F1-43CB-887F-788F8AC17302}.Debug|Any CPU.Build.0 = Debug|Any CPU
		{CAD2E5F6-72F1-43CB-887F-788F8AC17302}.Release|Any CPU.ActiveCfg = Release|Any CPU
		{CAD2E5F6-72F1-43CB-887F-788F8AC17302}.Release|Any CPU.Build.0 = Release|Any CPU
	EndGlobalSection
	GlobalSection(SolutionProperties) = preSolution
		HideSolutionNode = FALSE
	EndGlobalSection
	GlobalSection(ExtensibilityGlobals) = postSolution
		SolutionGuid = {BB45D263-71B6-40FC-A077-A60F41813811}
	EndGlobalSection
EndGlobal
